
Microsoft Visual Studio Solution File, Format Version 11.00
# Visual Studio 2010
Project("{FAE04EC0-301F-11D3-BF4B-00C04F79EFBC}") = "Assembly-CSharp", "Assembly-CSharp.csproj", "{8EB80FD4-C317-A2C1-7402-EBB824663F65}"
EndProject
Project("{FAE04EC0-301F-11D3-BF4B-00C04F79EFBC}") = "Assembly-CSharp-firstpass", "Assembly-CSharp-firstpass.csproj", "{DACA3A0E-AB47-E3EE-A9B5-775DB17624D6}"
EndProject
Project("{FAE04EC0-301F-11D3-BF4B-00C04F79EFBC}") = "Assembly-CSharp-Editor-firstpass", "Assembly-CSharp-Editor-firstpass.csproj", "{36B77BB2-71F3-A9CD-0857-CB8199EE924B}"
EndProject
Global
	GlobalSection(SolutionConfigurationPlatforms) = preSolution
		Debug|Any CPU = Debug|Any CPU
		Release|Any CPU = Release|Any CPU
	EndGlobalSection
	GlobalSection(ProjectConfigurationPlatforms) = postSolution
		{8EB80FD4-C317-A2C1-7402-EBB824663F65}.Debug|Any CPU.ActiveCfg = Debug|Any CPU
		{8EB80FD4-C317-A2C1-7402-EBB824663F65}.Debug|Any CPU.Build.0 = Debug|Any CPU
		{8EB80FD4-C317-A2C1-7402-EBB824663F65}.Release|Any CPU.ActiveCfg = Release|Any CPU
		{8EB80FD4-C317-A2C1-7402-EBB824663F65}.Release|Any CPU.Build.0 = Release|Any CPU
		{DACA3A0E-AB47-E3EE-A9B5-775DB17624D6}.Debug|Any CPU.ActiveCfg = Debug|Any CPU
		{DACA3A0E-AB47-E3EE-A9B5-775DB17624D6}.Debug|Any CPU.Build.0 = Debug|Any CPU
		{DACA3A0E-AB47-E3EE-A9B5-775DB17624D6}.Release|Any CPU.ActiveCfg = Release|Any CPU
		{DACA3A0E-AB47-E3EE-A9B5-775DB17624D6}.Release|Any CPU.Build.0 = Release|Any CPU
		{36B77BB2-71F3-A9CD-0857-CB8199EE924B}.Debug|Any CPU.ActiveCfg = Debug|Any CPU
		{36B77BB2-71F3-A9CD-0857-CB8199EE924B}.Debug|Any CPU.Build.0 = Debug|Any CPU
		{36B77BB2-71F3-A9CD-0857-CB8199EE924B}.Release|Any CPU.ActiveCfg = Release|Any CPU
		{36B77BB2-71F3-A9CD-0857-CB8199EE924B}.Release|Any CPU.Build.0 = Release|Any CPU
	EndGlobalSection
	GlobalSection(SolutionProperties) = preSolution
		HideSolutionNode = FALSE
	EndGlobalSection
EndGlobal
